# This file is automatically @generated by Cargo.
# It is not intended for manual editing.
version = 4

[[package]]
name = "amigaos4"
version = "0.1.0"
dependencies = [
 "amigaos4-sys",
]

[[package]]
name = "amigaos4-alloc"
version = "0.1.0"
dependencies = [
 "amigaos4-sys",
]

[[package]]
name = "amigaos4-sys"
version = "0.2.0"

[[package]]
name = "hello-driver"
version = "0.1.0"
dependencies = [
 "amigaos4",
 "amigaos4-alloc",
 "amigaos4-sys",
]
